
Microsoft Visual Studio Solution File, Format Version 12.00
# Visual Studio Version 17
VisualStudioVersion = 17.1.32228.430
MinimumVisualStudioVersion = 10.0.40219.1
Project("{9A19103F-16F7-4668-BE54-9A1E7A4F7556}") = "FootballData.Loader", "FootballData.Loader\FootballData.Loader.csproj", "{AFFAFC33-F8D2-4304-ADF7-D8BEA53E97E1}"
EndProject
Project("{9A19103F-16F7-4668-BE54-9A1E7A4F7556}") = "FootballData.Loader.Tests", "FootballData.Loader.Tests\FootballData.Loader.Tests.csproj", "{FA833E25-2047-4DBF-87AB-96974A1EE420}"
EndProject
Project("{2150E333-8FDC-42A3-9474-1A3956D46DE8}") = "Solution Items", "Solution Items", "{983976D6-B091-488F-B606-0A4390839640}"
	ProjectSection(SolutionItems) = preProject
		.gitignore = .gitignore
		README.MD = README.MD
	EndProjectSection
EndProject
Global
	GlobalSection(SolutionConfigurationPlatforms) = preSolution
		Debug|Any CPU = Debug|Any CPU
		Release|Any CPU = Release|Any CPU
	EndGlobalSection
	GlobalSection(ProjectConfigurationPlatforms) = postSolution
		{AFFAFC33-F8D2-4304-ADF7-D8BEA53E97E1}.Debug|Any CPU.ActiveCfg = Debug|Any CPU
		{AFFAFC33-F8D2-4304-ADF7-D8BEA53E97E1}.Debug|Any CPU.Build.0 = Debug|Any CPU
		{AFFAFC33-F8D2-4304-ADF7-D8BEA53E97E1}.Release|Any CPU.ActiveCfg = Release|Any CPU
		{AFFAFC33-F8D2-4304-ADF7-D8BEA53E97E1}.Release|Any CPU.Build.0 = Release|Any CPU
		{FA833E25-2047-4DBF-87AB-96974A1EE420}.Debug|Any CPU.ActiveCfg = Debug|Any CPU
		{FA833E25-2047-4DBF-87AB-96974A1EE420}.Debug|Any CPU.Build.0 = Debug|Any CPU
		{FA833E25-2047-4DBF-87AB-96974A1EE420}.Release|Any CPU.ActiveCfg = Release|Any CPU
		{FA833E25-2047-4DBF-87AB-96974A1EE420}.Release|Any CPU.Build.0 = Release|Any CPU
	EndGlobalSection
	GlobalSection(SolutionProperties) = preSolution
		HideSolutionNode = FALSE
	EndGlobalSection
	GlobalSection(ExtensibilityGlobals) = postSolution
		SolutionGuid = {2101452F-9BAD-471F-9198-6DC42634DFCF}
	EndGlobalSection
EndGlobal
